{
  "name": "droidpartment",
  "version": "3.2.10",
  "lockfileVersion": 3,
  "requires": true,
  "packages": {
    "": {
      "name": "droidpartment",
      "version": "3.2.10",
      "license": "MIT",
      "dependencies": {
        "droidpartment": "^3.2.9",
        "uninstall": "^0.0.0"
      },
      "bin": {
        "droidpartment": "bin/install.js"
      },
      "engines": {
        "node": ">=16.0.0"
      }
    },
    "node_modules/droidpartment": {
      "version": "3.2.9",
      "resolved": "https://registry.npmjs.org/droidpartment/-/droidpartment-3.2.9.tgz",
      "integrity": "sha512-fp2hy1URcbNjNpXq4FYg4JajH4XU/xXJcKpmBYgmTRxP1jwJN0SPdFff1PWCSMU5l1YI5BnjMOKN8zhIllqU6A==",
      "license": "MIT",
      "bin": {
        "droidpartment": "bin/install.js"
      },
      "engines": {
        "node": ">=16.0.0"
      }
    },
    "node_modules/uninstall": {
      "version": "0.0.0",
      "resolved": "https://registry.npmjs.org/uninstall/-/uninstall-0.0.0.tgz",
      "integrity": "sha512-pjP/0+A4gsbDVa8XH/S2GZdT9NPJW8NFMy3GI7HnsWG+NAmFSSj3QidNosXBI9cPtxxNExEDdhKFO6sli8K3mA==",
      "license": "MIT"
    }
  }
}
